{
  "version": 1,
  "dependencies": {
    "net10.0": {
      "Authagonal.AzureProvider": {
        "type": "Direct",
        "requested": "[0.*, )",
        "resolved": "0.21.0",
        "contentHash": "Vvbo3MwTqLLj6pXM7KOuxfYngk9b7hmzYje1mDtWNkFye9BPzi4ocJEJM3GZqL0QYY0w0kT7QgIsarnhblsWGg==",
        "dependencies": {
          "Authagonal.Core": "0.21.0",
          "Azure.Data.Tables": "12.11.0",
          "Azure.Storage.Blobs": "12.29.1"
        }
      },
      "Authagonal.Server": {
        "type": "Direct",
        "requested": "[0.*, )",
        "resolved": "0.21.0",
        "contentHash": "BA1nLGIbFm+GumL6Up+BYVBeUZaGAVNp5EbTJsSkeDiWPuUM3Yqy0Vf2x319sUEU/tQdw9+84X1txwmMuZJndg==",
        "dependencies": {
          "Authagonal.AzureProvider": "0.21.0",
          "Authagonal.Core": "0.21.0",
          "Authagonal.Protocol": "0.21.0",
          "Azure.Extensions.AspNetCore.DataProtection.Blobs": "1.5.0",
          "Azure.Identity": "1.21.0",
          "Azure.Security.KeyVault.Secrets": "4.9.0",
          "Azure.Storage.Blobs": "12.29.1",
          "BCrypt.Net-Next": "4.1.0",
          "Fido2.AspNet": "4.0.0",
          "Microsoft.AspNetCore.Authentication.JwtBearer": "10.0.5",
          "Microsoft.Bcl.Memory": "10.0.10",
          "Microsoft.IdentityModel.JsonWebTokens": "8.17.0",
          "Microsoft.IdentityModel.Tokens": "8.17.0",
          "QRCoder": "1.6.0"
        }
      },
      "Authagonal.Core": {
        "type": "Transitive",
        "resolved": "0.21.0",
        "contentHash": "M93FR3MsE53ikzBUtg6p6ZeNrj5js/wBayjrJVhDAjos6XVmf7yk8w/RIQh5cl5gjKbkRVaFLYE8jjgFnaa9RA==",
        "dependencies": {
          "Microsoft.IdentityModel.Tokens": "8.17.0"
        }
      },
      "Authagonal.Protocol": {
        "type": "Transitive",
        "resolved": "0.21.0",
        "contentHash": "SSkO9hdm0ZBOZeY8R1eIjgtqZx2fToZKADJtEJwSshca+xHP30m0kmRqj+Xn95HHUkyExkDU3gCL+6GqBlHagA==",
        "dependencies": {
          "Authagonal.Core": "0.21.0",
          "BCrypt.Net-Next": "4.1.0",
          "Microsoft.AspNetCore.Authentication.JwtBearer": "10.0.5",
          "Microsoft.IdentityModel.JsonWebTokens": "8.17.0",
          "Microsoft.IdentityModel.Tokens": "8.17.0"
        }
      },
      "Azure.Core": {
        "type": "Transitive",
        "resolved": "1.55.0",
        "contentHash": "c7femvYS/xEUrLP1sNZN+DoQZmx3X+G3ZXtOOz0RL/7cGMCM3JVqepVmRd3AwM4IK8AtTGS4GOigCO+d/zaSsQ==",
        "dependencies": {
          "Microsoft.Bcl.AsyncInterfaces": "10.0.3",
          "Microsoft.Identity.Client": "4.83.1",
          "Microsoft.Identity.Client.Extensions.Msal": "4.83.1",
          "System.ClientModel": "1.11.0",
          "System.Memory.Data": "10.0.3"
        }
      },
      "Azure.Data.Tables": {
        "type": "Transitive",
        "resolved": "12.11.0",
        "contentHash": "MabH2HegMvZA1ocaMhEfW/idyTa3CoH64s43/V9/KFRGdVqEj0EETvd3ItDe6Bbs2teiR40KE9Kz9NLDc5DJJw==",
        "dependencies": {
          "Azure.Core": "1.44.1"
        }
      },
      "Azure.Extensions.AspNetCore.DataProtection.Blobs": {
        "type": "Transitive",
        "resolved": "1.5.0",
        "contentHash": "vIB/xacKjW6p+FRb8yixHCDpSbHXzkywFq1nf+5ZpIcla+wXCU+/l3TKVa6KkwzJ7I10AKAZqEbsbd06cqyYeQ==",
        "dependencies": {
          "Azure.Core": "1.44.1",
          "Azure.Storage.Blobs": "12.23.0",
          "Microsoft.Bcl.AsyncInterfaces": "8.0.0"
        }
      },
      "Azure.Identity": {
        "type": "Transitive",
        "resolved": "1.21.0",
        "contentHash": "GeFv8sGwRKvDKwI2WFy8r0mhmlxEVZg24Sit2NogTjiSO8RVjllWM65OT6e1sKjOvG8V74y7hAbaELUUPjZQSw==",
        "dependencies": {
          "Azure.Core": "1.53.0"
        }
      },
      "Azure.Security.KeyVault.Secrets": {
        "type": "Transitive",
        "resolved": "4.9.0",
        "contentHash": "3cQKaNCfP6QQwEoqmxShIkzCQFJ9SlCbLzIb/UH/lMhpiqjVRkF62qOUP6T7NB4fnf7RV+TxsvjWpkNddu22EA==",
        "dependencies": {
          "Azure.Core": "1.51.1"
        }
      },
      "Azure.Storage.Blobs": {
        "type": "Transitive",
        "resolved": "12.29.1",
        "contentHash": "pWh7xZBto8YcwiO853AB3uijTfVqs9PDte0Bu9/Zd8O9nwKiitWm0Jej1vsNkmYUzeG1552f8vJPjmtW30pBUQ==",
        "dependencies": {
          "Azure.Core": "1.55.0",
          "Azure.Storage.Common": "12.28.0"
        }
      },
      "Azure.Storage.Common": {
        "type": "Transitive",
        "resolved": "12.28.0",
        "contentHash": "5l8YhNrks38zKLGFW2BBFLwieyamH/xauABSASsdpZv79G0f+n2n22IjkRmUqCmALSupkwRHh2LOhbW3yj5Qgw==",
        "dependencies": {
          "Azure.Core": "1.55.0",
          "System.IO.Hashing": "10.0.3"
        }
      },
      "BCrypt.Net-Next": {
        "type": "Transitive",
        "resolved": "4.1.0",
        "contentHash": "5YT3DKllmtkyW68PjURu/V1TOe4MKiByKwsRNVcfYE1S5KuFTeozdmKzyNzolKiQF391OXCaQtINvYT3j1ERzQ=="
      },
      "Fido2": {
        "type": "Transitive",
        "resolved": "4.0.0",
        "contentHash": "CbXayIkJobJa1IbGsL2ttHRqkyc4A21mhz/48D5IkHaskTlwXqeyKLFRps3NRzPkY+4O+weexea5FjNRSq3bpg==",
        "dependencies": {
          "Fido2.Models": "4.0.0",
          "Microsoft.IdentityModel.JsonWebTokens": "8.2.0",
          "NSec.Cryptography": "25.4.0"
        }
      },
      "Fido2.AspNet": {
        "type": "Transitive",
        "resolved": "4.0.0",
        "contentHash": "vFO+2eWqYT6IJt8q886o3kFz/jsEO3FDWPrZuPtwX7FZAWVC1/C5Rw+2ZBNIoj4l1U8rqFmpc58rG+FvGnFDQg==",
        "dependencies": {
          "Fido2": "4.0.0",
          "Fido2.Models": "4.0.0"
        }
      },
      "Fido2.Models": {
        "type": "Transitive",
        "resolved": "4.0.0",
        "contentHash": "lHQXj3KvTN+ovSrlgY1jfwFn5PmH000Dc61YDFjewHM3FVdZyhma5V8I/LRP2pkhE8knLZkfy7CZDurlqGHYww==",
        "dependencies": {
          "Microsoft.Bcl.Memory": "9.0.0"
        }
      },
      "libsodium": {
        "type": "Transitive",
        "resolved": "1.0.20.1",
        "contentHash": "pkiceEqJDQFHjbga3k/oPfTVX9g+GKJZ1VrkuiLhaymt9YNw1Dr7cX9hNuZuNaWcr9WD0moW55k4pMwzQ7JaZQ=="
      },
      "Microsoft.AspNetCore.Authentication.JwtBearer": {
        "type": "Transitive",
        "resolved": "10.0.5",
        "contentHash": "fZzXogChrwQ/SfifQJgeW7AtR8hUv5+LH9oLWjm5OqfnVt3N8MwcMHHMdawvqqdjP79lIZgetnSpj77BLsSI1g==",
        "dependencies": {
          "Microsoft.IdentityModel.Protocols.OpenIdConnect": "8.0.1"
        }
      },
      "Microsoft.Bcl.AsyncInterfaces": {
        "type": "Transitive",
        "resolved": "10.0.3",
        "contentHash": "TV62UsrJZPX6gbt3c4WrtXh7bmaDIcMqf9uft1cc4L6gJXOU07hDGEh+bFQh/L2Az0R1WVOkiT66lFqS6G2NmA=="
      },
      "Microsoft.Bcl.Memory": {
        "type": "Transitive",
        "resolved": "10.0.10",
        "contentHash": "/PxGfVdy8P15x9TUyAyWfzR92DcRVRCMs4nMnVS6bldRaDTJJPG9ECJPlF0lbkeZdqwM5eSkOQ214YwvcimAWQ=="
      },
      "Microsoft.Identity.Client": {
        "type": "Transitive",
        "resolved": "4.83.1",
        "contentHash": "jOLIrZ3cynoqHLLO1cXplFFabrhrMEYs/EuKHvmCyrOm1axqiVFT6nCSnHxk7w5+d2BeQfCdM12Yf/0X7OeS1g==",
        "dependencies": {
          "Microsoft.IdentityModel.Abstractions": "8.14.0"
        }
      },
      "Microsoft.Identity.Client.Extensions.Msal": {
        "type": "Transitive",
        "resolved": "4.83.1",
        "contentHash": "I3k4J4Hj4KbLEFanjeUzzDOVecukETaTgEkJ7h2pP/Yazs6SLp6TVUTo/Eo+ptPXMwvc+iX7rBFtMSUrA7R+Mg==",
        "dependencies": {
          "Microsoft.Identity.Client": "4.83.1",
          "System.Security.Cryptography.ProtectedData": "4.5.0"
        }
      },
      "Microsoft.IdentityModel.Abstractions": {
        "type": "Transitive",
        "resolved": "8.17.0",
        "contentHash": "6NrxQGcZg6IunkN8K2F0UVMavNpfCjbjjjON7PYcL8FwI8aULKUreiHsRX/yaA8j3XsTJnQKUYpoQk5gBjULZw=="
      },
      "Microsoft.IdentityModel.JsonWebTokens": {
        "type": "Transitive",
        "resolved": "8.17.0",
        "contentHash": "JbFZ3OVwtvqcqgBL0cIkhRYbIP7u9GIUYLOgbNqLWtBtZY8tGDpdGyXMzUVX0gVHq1ovuHsKZrkVv+ziHEnBHw==",
        "dependencies": {
          "Microsoft.IdentityModel.Tokens": "8.17.0"
        }
      },
      "Microsoft.IdentityModel.Logging": {
        "type": "Transitive",
        "resolved": "8.17.0",
        "contentHash": "w1vjfri0BWqW7RkSZY3ZsqekNfIJJg5BQSFs2j+a+pCXOVrkezmJcn74pT3djwjXJh71577C6wJQgNc2UPz30w==",
        "dependencies": {
          "Microsoft.IdentityModel.Abstractions": "8.17.0"
        }
      },
      "Microsoft.IdentityModel.Protocols": {
        "type": "Transitive",
        "resolved": "8.0.1",
        "contentHash": "uA2vpKqU3I2mBBEaeJAWPTjT9v1TZrGWKdgK6G5qJd03CLx83kdiqO9cmiK8/n1erkHzFBwU/RphP83aAe3i3g==",
        "dependencies": {
          "Microsoft.IdentityModel.Tokens": "8.0.1"
        }
      },
      "Microsoft.IdentityModel.Protocols.OpenIdConnect": {
        "type": "Transitive",
        "resolved": "8.0.1",
        "contentHash": "AQDbfpL+yzuuGhO/mQhKNsp44pm5Jv8/BI4KiFXR7beVGZoSH35zMV3PrmcfvSTsyI6qrcR898NzUauD6SRigg==",
        "dependencies": {
          "Microsoft.IdentityModel.Protocols": "8.0.1",
          "System.IdentityModel.Tokens.Jwt": "8.0.1"
        }
      },
      "Microsoft.IdentityModel.Tokens": {
        "type": "Transitive",
        "resolved": "8.17.0",
        "contentHash": "teaW35URIV2x78Tzk+dVJiC4M62/9mQoSEoDjDGoEZmcQa3H2rE+XQpm9Tmdo9KK1Lcrnve4zoyLavl69kCFGg==",
        "dependencies": {
          "Microsoft.IdentityModel.Logging": "8.17.0"
        }
      },
      "NSec.Cryptography": {
        "type": "Transitive",
        "resolved": "25.4.0",
        "contentHash": "Z3wPpG0xefMLmhn9T+Ka/EzAmMQPT0THL/5E4lf9cXI/N9rbGH0G23ZFpRcPnD0ast2k7ieG6QSVNIjmfPCXBQ==",
        "dependencies": {
          "libsodium": "[1.0.20.1, 1.0.21)"
        }
      },
      "QRCoder": {
        "type": "Transitive",
        "resolved": "1.6.0",
        "contentHash": "XmPA81eo+oRxBuyVdswsSkTGTE1d3thfF11Z1PdD7oB56A6HU4G4AAOdySmGRMb/cljwlFTMWUtosGEnwpS6GA=="
      },
      "System.ClientModel": {
        "type": "Transitive",
        "resolved": "1.11.0",
        "contentHash": "1Wl32zh7TbvN+HAO8NqDuaN0Ao2Qu/0j0NJSrXGDtpUQsTXQYJ3C6hd9/Ds2IrgP4agMQYFoXB35GZfC21ByHw==",
        "dependencies": {
          "System.Memory.Data": "10.0.3"
        }
      },
      "System.IdentityModel.Tokens.Jwt": {
        "type": "Transitive",
        "resolved": "8.0.1",
        "contentHash": "GJw3bYkWpOgvN3tJo5X4lYUeIFA2HD293FPUhKmp7qxS+g5ywAb34Dnd3cDAFLkcMohy5XTpoaZ4uAHuw0uSPQ==",
        "dependencies": {
          "Microsoft.IdentityModel.JsonWebTokens": "8.0.1",
          "Microsoft.IdentityModel.Tokens": "8.0.1"
        }
      },
      "System.IO.Hashing": {
        "type": "Transitive",
        "resolved": "10.0.3",
        "contentHash": "La6ICwsdTKhVX+LKN+pvFjQRR3LhLwq3uKdi2knjLzRyPYBSydF4cjXidYxIiTcDD6XVYdsBWQEI8ZxiZ/OdIg=="
      },
      "System.Memory.Data": {
        "type": "Transitive",
        "resolved": "10.0.3",
        "contentHash": "MaGhRfGunmrj/nHjtsi9XkhlYJ/ERGWrbA+BiSKNtGnAjc9XlG5EhAvak6VRcX5LYzPF6pBO8nJ613dTgzabig=="
      },
      "System.Security.Cryptography.ProtectedData": {
        "type": "Transitive",
        "resolved": "4.5.0",
        "contentHash": "wLBKzFnDCxP12VL9ANydSYhk59fC4cvOr9ypYQLPnAj48NQIhqnjdD2yhP8yEKyBJEjERWS9DisKL7rX5eU25Q=="
      }
    }
  }
}